
Microsoft Visual Studio Solution File, Format Version 12.00
# Visual Studio 15
VisualStudioVersion = 15.0.27703.2018
MinimumVisualStudioVersion = 10.0.40219.1
Project("{FAE04EC0-301F-11D3-BF4B-00C04F79EFBC}") = "AbstractFactory", "AbstractFactory\AbstractFactory.csproj", "{4091B375-7CA7-400F-8477-6AAC3A84FAF8}"
EndProject
Project("{FAE04EC0-301F-11D3-BF4B-00C04F79EFBC}") = "FactoryMethod", "..\..\Lab3\FactoryMethod\FactoryMethod\FactoryMethod.csproj", "{3759F51F-8A6B-4E9E-A072-16F4C7AF9EBF}"
EndProject
Project("{2150E333-8FDC-42A3-9474-1A3956D46DE8}") = "Lab_4", "Lab_4", "{025BB4DD-02F3-4844-80DB-8235E4D1E841}"
EndProject
Project("{FAE04EC0-301F-11D3-BF4B-00C04F79EFBC}") = "Singleton", "..\..\Lab4\Singleton\Singleton\Singleton.csproj", "{1FBB2284-BD8D-4258-B879-49BAD53FD099}"
EndProject
Project("{FAE04EC0-301F-11D3-BF4B-00C04F79EFBC}") = "Task", "..\..\Lab4\Task\Task\Task.csproj", "{4E9940E8-4994-47C7-92A0-9CEF075A7CE7}"
EndProject
Project("{2150E333-8FDC-42A3-9474-1A3956D46DE8}") = "Lab_5", "Lab_5", "{EE41BA90-8A6E-48C0-8DA6-D9191C416030}"
EndProject
Project("{FAE04EC0-301F-11D3-BF4B-00C04F79EFBC}") = "Strategy", "..\..\Lab5\Strategy\Strategy\Strategy.csproj", "{C6D2B46C-598A-4F34-8387-6C5CF3002AE6}"
EndProject
Project("{FAE04EC0-301F-11D3-BF4B-00C04F79EFBC}") = "Task", "..\..\Lab5\Task\Task\Task.csproj", "{BC5F9597-D4A8-409C-8CBA-2C25C6598C7A}"
EndProject
Project("{2150E333-8FDC-42A3-9474-1A3956D46DE8}") = "Lab_1", "Lab_1", "{D51B20DE-FFAD-49D5-ADF2-469B9C64241B}"
EndProject
Project("{FAE04EC0-301F-11D3-BF4B-00C04F79EFBC}") = "Adapter", "..\..\Lab1\Adapter\Adapter\Adapter.csproj", "{E18B0C51-B526-415F-A168-C971D687E2DC}"
EndProject
Project("{FAE04EC0-301F-11D3-BF4B-00C04F79EFBC}") = "AdapterTask", "..\..\Lab1\AdapterTask\AdapterTask\AdapterTask.csproj", "{B62E10D9-89F4-4A33-BF32-8C7F2C159675}"
EndProject
Project("{2150E333-8FDC-42A3-9474-1A3956D46DE8}") = "Lab_6", "Lab_6", "{38CD7A3C-08FF-4DDA-A89F-186580B60E88}"
EndProject
Project("{FAE04EC0-301F-11D3-BF4B-00C04F79EFBC}") = "Facade", "..\..\Lab6\Facade\Facade\Facade.csproj", "{B77B5B2D-B87F-405F-B4C1-30346EB7C390}"
EndProject
Project("{FAE04EC0-301F-11D3-BF4B-00C04F79EFBC}") = "Task", "..\..\Lab6\Task\Task\Task.csproj", "{90DD1B15-71CB-424F-8185-966C28C0AB5D}"
EndProject
Project("{2150E333-8FDC-42A3-9474-1A3956D46DE8}") = "Lab_7", "Lab_7", "{19F6F2DF-3966-4020-8BB3-B5DC910958F6}"
EndProject
Project("{FAE04EC0-301F-11D3-BF4B-00C04F79EFBC}") = "ChainofResponsibility", "..\..\Lab7\ChainofResponsibility\ChainofResponsibility\ChainofResponsibility.csproj", "{E773BD04-8F9D-45A9-B213-F05B8A542830}"
EndProject
Project("{2150E333-8FDC-42A3-9474-1A3956D46DE8}") = "Lab_8", "Lab_8", "{264C1B52-2B35-434B-89FE-4EFEDEC91FCC}"
EndProject
Project("{FAE04EC0-301F-11D3-BF4B-00C04F79EFBC}") = "Command", "..\..\Lab8\Command\Command\Command.csproj", "{AD8E1BC6-40D2-4636-9EB1-2FD5A17B9CA5}"
EndProject
Project("{2150E333-8FDC-42A3-9474-1A3956D46DE8}") = "Lab_9", "Lab_9", "{61BA2A75-6E39-4677-B6E3-796FD563F6E7}"
EndProject
Project("{FAE04EC0-301F-11D3-BF4B-00C04F79EFBC}") = "Decorator", "..\..\Lab9\Decorator\Decorator\Decorator.csproj", "{752ADD7B-7EED-4DA3-AC7D-811CE665D015}"
EndProject
Project("{2150E333-8FDC-42A3-9474-1A3956D46DE8}") = "Lab_10", "Lab_10", "{BE1D8BC0-E267-4CFE-AD9C-B92458D9B3C2}"
EndProject
Project("{FAE04EC0-301F-11D3-BF4B-00C04F79EFBC}") = "TemplateMethod", "..\..\Lab10\TemplateMethod\TemplateMethod\TemplateMethod.csproj", "{00BEA230-AB53-49CB-8D0F-79157D62EA25}"
EndProject
Project("{FAE04EC0-301F-11D3-BF4B-00C04F79EFBC}") = "Task", "..\..\Lab10\TAsk\TAsk\Task.csproj", "{921FB6C9-A473-4572-9FB2-AED9760F843A}"
EndProject
Project("{2150E333-8FDC-42A3-9474-1A3956D46DE8}") = "Lab_2", "Lab_2", "{25AEDEF0-399B-49EC-AFAE-603DD9E58A66}"
EndProject
Project("{2150E333-8FDC-42A3-9474-1A3956D46DE8}") = "Lab_3", "Lab_3", "{BC7B4AC1-2BF6-4DB5-B7C0-88B23855D4D7}"
EndProject
Global
	GlobalSection(SolutionConfigurationPlatforms) = preSolution
		Debug|Any CPU = Debug|Any CPU
		Release|Any CPU = Release|Any CPU
	EndGlobalSection
	GlobalSection(ProjectConfigurationPlatforms) = postSolution
		{4091B375-7CA7-400F-8477-6AAC3A84FAF8}.Debug|Any CPU.ActiveCfg = Debug|Any CPU
		{4091B375-7CA7-400F-8477-6AAC3A84FAF8}.Debug|Any CPU.Build.0 = Debug|Any CPU
		{4091B375-7CA7-400F-8477-6AAC3A84FAF8}.Release|Any CPU.ActiveCfg = Release|Any CPU
		{4091B375-7CA7-400F-8477-6AAC3A84FAF8}.Release|Any CPU.Build.0 = Release|Any CPU
		{3759F51F-8A6B-4E9E-A072-16F4C7AF9EBF}.Debug|Any CPU.ActiveCfg = Debug|Any CPU
		{3759F51F-8A6B-4E9E-A072-16F4C7AF9EBF}.Debug|Any CPU.Build.0 = Debug|Any CPU
		{3759F51F-8A6B-4E9E-A072-16F4C7AF9EBF}.Release|Any CPU.ActiveCfg = Release|Any CPU
		{3759F51F-8A6B-4E9E-A072-16F4C7AF9EBF}.Release|Any CPU.Build.0 = Release|Any CPU
		{1FBB2284-BD8D-4258-B879-49BAD53FD099}.Debug|Any CPU.ActiveCfg = Debug|Any CPU
		{1FBB2284-BD8D-4258-B879-49BAD53FD099}.Debug|Any CPU.Build.0 = Debug|Any CPU
		{1FBB2284-BD8D-4258-B879-49BAD53FD099}.Release|Any CPU.ActiveCfg = Release|Any CPU
		{1FBB2284-BD8D-4258-B879-49BAD53FD099}.Release|Any CPU.Build.0 = Release|Any CPU
		{4E9940E8-4994-47C7-92A0-9CEF075A7CE7}.Debug|Any CPU.ActiveCfg = Debug|Any CPU
		{4E9940E8-4994-47C7-92A0-9CEF075A7CE7}.Debug|Any CPU.Build.0 = Debug|Any CPU
		{4E9940E8-4994-47C7-92A0-9CEF075A7CE7}.Release|Any CPU.ActiveCfg = Release|Any CPU
		{4E9940E8-4994-47C7-92A0-9CEF075A7CE7}.Release|Any CPU.Build.0 = Release|Any CPU
		{C6D2B46C-598A-4F34-8387-6C5CF3002AE6}.Debug|Any CPU.ActiveCfg = Debug|Any CPU
		{C6D2B46C-598A-4F34-8387-6C5CF3002AE6}.Debug|Any CPU.Build.0 = Debug|Any CPU
		{C6D2B46C-598A-4F34-8387-6C5CF3002AE6}.Release|Any CPU.ActiveCfg = Release|Any CPU
		{C6D2B46C-598A-4F34-8387-6C5CF3002AE6}.Release|Any CPU.Build.0 = Release|Any CPU
		{BC5F9597-D4A8-409C-8CBA-2C25C6598C7A}.Debug|Any CPU.ActiveCfg = Debug|Any CPU
		{BC5F9597-D4A8-409C-8CBA-2C25C6598C7A}.Debug|Any CPU.Build.0 = Debug|Any CPU
		{BC5F9597-D4A8-409C-8CBA-2C25C6598C7A}.Release|Any CPU.ActiveCfg = Release|Any CPU
		{BC5F9597-D4A8-409C-8CBA-2C25C6598C7A}.Release|Any CPU.Build.0 = Release|Any CPU
		{E18B0C51-B526-415F-A168-C971D687E2DC}.Debug|Any CPU.ActiveCfg = Debug|Any CPU
		{E18B0C51-B526-415F-A168-C971D687E2DC}.Debug|Any CPU.Build.0 = Debug|Any CPU
		{E18B0C51-B526-415F-A168-C971D687E2DC}.Release|Any CPU.ActiveCfg = Release|Any CPU
		{E18B0C51-B526-415F-A168-C971D687E2DC}.Release|Any CPU.Build.0 = Release|Any CPU
		{B62E10D9-89F4-4A33-BF32-8C7F2C159675}.Debug|Any CPU.ActiveCfg = Debug|Any CPU
		{B62E10D9-89F4-4A33-BF32-8C7F2C159675}.Debug|Any CPU.Build.0 = Debug|Any CPU
		{B62E10D9-89F4-4A33-BF32-8C7F2C159675}.Release|Any CPU.ActiveCfg = Release|Any CPU
		{B62E10D9-89F4-4A33-BF32-8C7F2C159675}.Release|Any CPU.Build.0 = Release|Any CPU
		{B77B5B2D-B87F-405F-B4C1-30346EB7C390}.Debug|Any CPU.ActiveCfg = Debug|Any CPU
		{B77B5B2D-B87F-405F-B4C1-30346EB7C390}.Debug|Any CPU.Build.0 = Debug|Any CPU
		{B77B5B2D-B87F-405F-B4C1-30346EB7C390}.Release|Any CPU.ActiveCfg = Release|Any CPU
		{B77B5B2D-B87F-405F-B4C1-30346EB7C390}.Release|Any CPU.Build.0 = Release|Any CPU
		{90DD1B15-71CB-424F-8185-966C28C0AB5D}.Debug|Any CPU.ActiveCfg = Debug|Any CPU
		{90DD1B15-71CB-424F-8185-966C28C0AB5D}.Debug|Any CPU.Build.0 = Debug|Any CPU
		{90DD1B15-71CB-424F-8185-966C28C0AB5D}.Release|Any CPU.ActiveCfg = Release|Any CPU
		{90DD1B15-71CB-424F-8185-966C28C0AB5D}.Release|Any CPU.Build.0 = Release|Any CPU
		{E773BD04-8F9D-45A9-B213-F05B8A542830}.Debug|Any CPU.ActiveCfg = Debug|Any CPU
		{E773BD04-8F9D-45A9-B213-F05B8A542830}.Debug|Any CPU.Build.0 = Debug|Any CPU
		{E773BD04-8F9D-45A9-B213-F05B8A542830}.Release|Any CPU.ActiveCfg = Release|Any CPU
		{E773BD04-8F9D-45A9-B213-F05B8A542830}.Release|Any CPU.Build.0 = Release|Any CPU
		{AD8E1BC6-40D2-4636-9EB1-2FD5A17B9CA5}.Debug|Any CPU.ActiveCfg = Debug|Any CPU
		{AD8E1BC6-40D2-4636-9EB1-2FD5A17B9CA5}.Debug|Any CPU.Build.0 = Debug|Any CPU
		{AD8E1BC6-40D2-4636-9EB1-2FD5A17B9CA5}.Release|Any CPU.ActiveCfg = Release|Any CPU
		{AD8E1BC6-40D2-4636-9EB1-2FD5A17B9CA5}.Release|Any CPU.Build.0 = Release|Any CPU
		{752ADD7B-7EED-4DA3-AC7D-811CE665D015}.Debug|Any CPU.ActiveCfg = Debug|Any CPU
		{752ADD7B-7EED-4DA3-AC7D-811CE665D015}.Debug|Any CPU.Build.0 = Debug|Any CPU
		{752ADD7B-7EED-4DA3-AC7D-811CE665D015}.Release|Any CPU.ActiveCfg = Release|Any CPU
		{752ADD7B-7EED-4DA3-AC7D-811CE665D015}.Release|Any CPU.Build.0 = Release|Any CPU
		{00BEA230-AB53-49CB-8D0F-79157D62EA25}.Debug|Any CPU.ActiveCfg = Debug|Any CPU
		{00BEA230-AB53-49CB-8D0F-79157D62EA25}.Debug|Any CPU.Build.0 = Debug|Any CPU
		{00BEA230-AB53-49CB-8D0F-79157D62EA25}.Release|Any CPU.ActiveCfg = Release|Any CPU
		{00BEA230-AB53-49CB-8D0F-79157D62EA25}.Release|Any CPU.Build.0 = Release|Any CPU
		{921FB6C9-A473-4572-9FB2-AED9760F843A}.Debug|Any CPU.ActiveCfg = Debug|Any CPU
		{921FB6C9-A473-4572-9FB2-AED9760F843A}.Debug|Any CPU.Build.0 = Debug|Any CPU
		{921FB6C9-A473-4572-9FB2-AED9760F843A}.Release|Any CPU.ActiveCfg = Release|Any CPU
		{921FB6C9-A473-4572-9FB2-AED9760F843A}.Release|Any CPU.Build.0 = Release|Any CPU
	EndGlobalSection
	GlobalSection(SolutionProperties) = preSolution
		HideSolutionNode = FALSE
	EndGlobalSection
	GlobalSection(NestedProjects) = preSolution
		{4091B375-7CA7-400F-8477-6AAC3A84FAF8} = {25AEDEF0-399B-49EC-AFAE-603DD9E58A66}
		{3759F51F-8A6B-4E9E-A072-16F4C7AF9EBF} = {BC7B4AC1-2BF6-4DB5-B7C0-88B23855D4D7}
		{1FBB2284-BD8D-4258-B879-49BAD53FD099} = {025BB4DD-02F3-4844-80DB-8235E4D1E841}
		{4E9940E8-4994-47C7-92A0-9CEF075A7CE7} = {025BB4DD-02F3-4844-80DB-8235E4D1E841}
		{C6D2B46C-598A-4F34-8387-6C5CF3002AE6} = {EE41BA90-8A6E-48C0-8DA6-D9191C416030}
		{BC5F9597-D4A8-409C-8CBA-2C25C6598C7A} = {EE41BA90-8A6E-48C0-8DA6-D9191C416030}
		{E18B0C51-B526-415F-A168-C971D687E2DC} = {D51B20DE-FFAD-49D5-ADF2-469B9C64241B}
		{B62E10D9-89F4-4A33-BF32-8C7F2C159675} = {D51B20DE-FFAD-49D5-ADF2-469B9C64241B}
		{B77B5B2D-B87F-405F-B4C1-30346EB7C390} = {38CD7A3C-08FF-4DDA-A89F-186580B60E88}
		{90DD1B15-71CB-424F-8185-966C28C0AB5D} = {38CD7A3C-08FF-4DDA-A89F-186580B60E88}
		{E773BD04-8F9D-45A9-B213-F05B8A542830} = {19F6F2DF-3966-4020-8BB3-B5DC910958F6}
		{AD8E1BC6-40D2-4636-9EB1-2FD5A17B9CA5} = {264C1B52-2B35-434B-89FE-4EFEDEC91FCC}
		{752ADD7B-7EED-4DA3-AC7D-811CE665D015} = {61BA2A75-6E39-4677-B6E3-796FD563F6E7}
		{00BEA230-AB53-49CB-8D0F-79157D62EA25} = {BE1D8BC0-E267-4CFE-AD9C-B92458D9B3C2}
		{921FB6C9-A473-4572-9FB2-AED9760F843A} = {BE1D8BC0-E267-4CFE-AD9C-B92458D9B3C2}
	EndGlobalSection
	GlobalSection(ExtensibilityGlobals) = postSolution
		SolutionGuid = {E27DA25F-348B-482F-A780-B772CCFABFE1}
	EndGlobalSection
EndGlobal
