
Microsoft Visual Studio Solution File, Format Version 12.00
# Visual Studio 15
VisualStudioVersion = 15.0.27703.2018
MinimumVisualStudioVersion = 10.0.40219.1
Project("{FAE04EC0-301F-11D3-BF4B-00C04F79EFBC}") = "Facade", "Facade\Facade.csproj", "{B77B5B2D-B87F-405F-B4C1-30346EB7C390}"
EndProject
Global
	GlobalSection(SolutionConfigurationPlatforms) = preSolution
		Debug|Any CPU = Debug|Any CPU
		Release|Any CPU = Release|Any CPU
	EndGlobalSection
	GlobalSection(ProjectConfigurationPlatforms) = postSolution
		{B77B5B2D-B87F-405F-B4C1-30346EB7C390}.Debug|Any CPU.ActiveCfg = Debug|Any CPU
		{B77B5B2D-B87F-405F-B4C1-30346EB7C390}.Debug|Any CPU.Build.0 = Debug|Any CPU
		{B77B5B2D-B87F-405F-B4C1-30346EB7C390}.Release|Any CPU.ActiveCfg = Release|Any CPU
		{B77B5B2D-B87F-405F-B4C1-30346EB7C390}.Release|Any CPU.Build.0 = Release|Any CPU
	EndGlobalSection
	GlobalSection(SolutionProperties) = preSolution
		HideSolutionNode = FALSE
	EndGlobalSection
	GlobalSection(ExtensibilityGlobals) = postSolution
		SolutionGuid = {D398BB2F-3D9E-4352-84AF-4334808A4506}
	EndGlobalSection
EndGlobal
